
Microsoft Visual Studio Solution File, Format Version 12.00
# Visual Studio Version 17
VisualStudioVersion = 17.8.34322.80
MinimumVisualStudioVersion = 10.0.40219.1
Project("{9A19103F-16F7-4668-BE54-9A1E7A4F7556}") = "WebApp", "WebApp\WebApp.csproj", "{1313E862-29A5-4C93-82ED-C72E9361D981}"
EndProject
Project("{9A19103F-16F7-4668-BE54-9A1E7A4F7556}") = "ClassLib", "ClassLib\ClassLib.csproj", "{13832E2F-642E-4E40-857C-4E6CB94912F1}"
EndProject
Project("{9A19103F-16F7-4668-BE54-9A1E7A4F7556}") = "DeskApp", "DeskApp\DeskApp.csproj", "{3D1AE4D0-1CE4-42C4-B127-A20C891E5AFC}"
EndProject
Project("{9A19103F-16F7-4668-BE54-9A1E7A4F7556}") = "DAL", "DAL\DAL.csproj", "{3E8DAC69-F450-4429-87F7-D63954A3D72F}"
EndProject
Project("{9A19103F-16F7-4668-BE54-9A1E7A4F7556}") = "UnitTesting", "UnitTesting\UnitTesting.csproj", "{CD6FD279-C08E-4D69-AC64-0262967E5C68}"
EndProject
Project("{9A19103F-16F7-4668-BE54-9A1E7A4F7556}") = "Handlers", "Handlers\Handlers.csproj", "{B692F99D-CB37-4B19-8DE2-2C33172FB203}"
EndProject
Global
	GlobalSection(SolutionConfigurationPlatforms) = preSolution
		Debug|Any CPU = Debug|Any CPU
		Release|Any CPU = Release|Any CPU
	EndGlobalSection
	GlobalSection(ProjectConfigurationPlatforms) = postSolution
		{1313E862-29A5-4C93-82ED-C72E9361D981}.Debug|Any CPU.ActiveCfg = Debug|Any CPU
		{1313E862-29A5-4C93-82ED-C72E9361D981}.Debug|Any CPU.Build.0 = Debug|Any CPU
		{1313E862-29A5-4C93-82ED-C72E9361D981}.Release|Any CPU.ActiveCfg = Release|Any CPU
		{1313E862-29A5-4C93-82ED-C72E9361D981}.Release|Any CPU.Build.0 = Release|Any CPU
		{13832E2F-642E-4E40-857C-4E6CB94912F1}.Debug|Any CPU.ActiveCfg = Debug|Any CPU
		{13832E2F-642E-4E40-857C-4E6CB94912F1}.Debug|Any CPU.Build.0 = Debug|Any CPU
		{13832E2F-642E-4E40-857C-4E6CB94912F1}.Release|Any CPU.ActiveCfg = Release|Any CPU
		{13832E2F-642E-4E40-857C-4E6CB94912F1}.Release|Any CPU.Build.0 = Release|Any CPU
		{3D1AE4D0-1CE4-42C4-B127-A20C891E5AFC}.Debug|Any CPU.ActiveCfg = Debug|Any CPU
		{3D1AE4D0-1CE4-42C4-B127-A20C891E5AFC}.Debug|Any CPU.Build.0 = Debug|Any CPU
		{3D1AE4D0-1CE4-42C4-B127-A20C891E5AFC}.Release|Any CPU.ActiveCfg = Release|Any CPU
		{3D1AE4D0-1CE4-42C4-B127-A20C891E5AFC}.Release|Any CPU.Build.0 = Release|Any CPU
		{3E8DAC69-F450-4429-87F7-D63954A3D72F}.Debug|Any CPU.ActiveCfg = Debug|Any CPU
		{3E8DAC69-F450-4429-87F7-D63954A3D72F}.Debug|Any CPU.Build.0 = Debug|Any CPU
		{3E8DAC69-F450-4429-87F7-D63954A3D72F}.Release|Any CPU.ActiveCfg = Release|Any CPU
		{3E8DAC69-F450-4429-87F7-D63954A3D72F}.Release|Any CPU.Build.0 = Release|Any CPU
		{CD6FD279-C08E-4D69-AC64-0262967E5C68}.Debug|Any CPU.ActiveCfg = Debug|Any CPU
		{CD6FD279-C08E-4D69-AC64-0262967E5C68}.Debug|Any CPU.Build.0 = Debug|Any CPU
		{CD6FD279-C08E-4D69-AC64-0262967E5C68}.Release|Any CPU.ActiveCfg = Release|Any CPU
		{CD6FD279-C08E-4D69-AC64-0262967E5C68}.Release|Any CPU.Build.0 = Release|Any CPU
		{B692F99D-CB37-4B19-8DE2-2C33172FB203}.Debug|Any CPU.ActiveCfg = Debug|Any CPU
		{B692F99D-CB37-4B19-8DE2-2C33172FB203}.Debug|Any CPU.Build.0 = Debug|Any CPU
		{B692F99D-CB37-4B19-8DE2-2C33172FB203}.Release|Any CPU.ActiveCfg = Release|Any CPU
		{B692F99D-CB37-4B19-8DE2-2C33172FB203}.Release|Any CPU.Build.0 = Release|Any CPU
	EndGlobalSection
	GlobalSection(SolutionProperties) = preSolution
		HideSolutionNode = FALSE
	EndGlobalSection
	GlobalSection(ExtensibilityGlobals) = postSolution
		SolutionGuid = {0239EB31-3CFD-4877-9203-7D8EC4F49CAB}
	EndGlobalSection
EndGlobal
